
Microsoft Visual Studio Solution File, Format Version 12.00
# Visual Studio Version 16
VisualStudioVersion = 16.0.28729.10
MinimumVisualStudioVersion = 10.0.40219.1
Project("{FAE04EC0-301F-11D3-BF4B-00C04F79EFBC}") = "JobServer2", "JobServer2\JobServer2.csproj", "{720F49C7-D724-4560-8716-0C9EF2846040}"
EndProject
Global
	GlobalSection(SolutionConfigurationPlatforms) = preSolution
		Debug|Any CPU = Debug|Any CPU
		Release|Any CPU = Release|Any CPU
	EndGlobalSection
	GlobalSection(ProjectConfigurationPlatforms) = postSolution
		{720F49C7-D724-4560-8716-0C9EF2846040}.Debug|Any CPU.ActiveCfg = Debug|Any CPU
		{720F49C7-D724-4560-8716-0C9EF2846040}.Debug|Any CPU.Build.0 = Debug|Any CPU
		{720F49C7-D724-4560-8716-0C9EF2846040}.Release|Any CPU.ActiveCfg = Release|Any CPU
		{720F49C7-D724-4560-8716-0C9EF2846040}.Release|Any CPU.Build.0 = Release|Any CPU
	EndGlobalSection
	GlobalSection(SolutionProperties) = preSolution
		HideSolutionNode = FALSE
	EndGlobalSection
	GlobalSection(ExtensibilityGlobals) = postSolution
		SolutionGuid = {5547EE84-EB5E-4F32-B7C8-5DA8AAFB93FD}
	EndGlobalSection
EndGlobal
